
Microsoft Visual Studio Solution File, Format Version 12.00
# Visual Studio Version 17
VisualStudioVersion = 17.0.31903.59
MinimumVisualStudioVersion = 10.0.40219.1
Project("{2150E333-8FDC-42A3-9474-1A3956D46DE8}") = "Airline", "Airline", "{57F604DC-C512-4E97-A337-8A85522FC108}"
EndProject
Project("{FAE04EC0-301F-11D3-BF4B-00C04F79EFBC}") = "Api", "Airline\Api\Api.csproj", "{A8B785AD-2A77-4990-ADEA-7ADF2FA8D583}"
EndProject
Project("{FAE04EC0-301F-11D3-BF4B-00C04F79EFBC}") = "Agent", "Airline\Agent\Agent.csproj", "{BD035B7E-6C60-4F94-BD70-D4B56F768FDE}"
EndProject
Project("{FAE04EC0-301F-11D3-BF4B-00C04F79EFBC}") = "TravelAgent", "TravelAgent\TravelAgent.csproj", "{029CA1EE-2B54-4749-82FB-E2F1F4455400}"
EndProject
Global
	GlobalSection(SolutionConfigurationPlatforms) = preSolution
		Debug|Any CPU = Debug|Any CPU
		Release|Any CPU = Release|Any CPU
	EndGlobalSection
	GlobalSection(SolutionProperties) = preSolution
		HideSolutionNode = FALSE
	EndGlobalSection
	GlobalSection(ProjectConfigurationPlatforms) = postSolution
		{A8B785AD-2A77-4990-ADEA-7ADF2FA8D583}.Debug|Any CPU.ActiveCfg = Debug|Any CPU
		{A8B785AD-2A77-4990-ADEA-7ADF2FA8D583}.Debug|Any CPU.Build.0 = Debug|Any CPU
		{A8B785AD-2A77-4990-ADEA-7ADF2FA8D583}.Release|Any CPU.ActiveCfg = Release|Any CPU
		{A8B785AD-2A77-4990-ADEA-7ADF2FA8D583}.Release|Any CPU.Build.0 = Release|Any CPU
		{BD035B7E-6C60-4F94-BD70-D4B56F768FDE}.Debug|Any CPU.ActiveCfg = Debug|Any CPU
		{BD035B7E-6C60-4F94-BD70-D4B56F768FDE}.Debug|Any CPU.Build.0 = Debug|Any CPU
		{BD035B7E-6C60-4F94-BD70-D4B56F768FDE}.Release|Any CPU.ActiveCfg = Release|Any CPU
		{BD035B7E-6C60-4F94-BD70-D4B56F768FDE}.Release|Any CPU.Build.0 = Release|Any CPU
		{029CA1EE-2B54-4749-82FB-E2F1F4455400}.Debug|Any CPU.ActiveCfg = Debug|Any CPU
		{029CA1EE-2B54-4749-82FB-E2F1F4455400}.Debug|Any CPU.Build.0 = Debug|Any CPU
		{029CA1EE-2B54-4749-82FB-E2F1F4455400}.Release|Any CPU.ActiveCfg = Release|Any CPU
		{029CA1EE-2B54-4749-82FB-E2F1F4455400}.Release|Any CPU.Build.0 = Release|Any CPU
	EndGlobalSection
	GlobalSection(NestedProjects) = preSolution
		{A8B785AD-2A77-4990-ADEA-7ADF2FA8D583} = {57F604DC-C512-4E97-A337-8A85522FC108}
		{BD035B7E-6C60-4F94-BD70-D4B56F768FDE} = {57F604DC-C512-4E97-A337-8A85522FC108}
	EndGlobalSection
EndGlobal
